
Microsoft Visual Studio Solution File, Format Version 12.00
# Visual Studio 15
VisualStudioVersion = 15.0.28010.2003
MinimumVisualStudioVersion = 10.0.40219.1
Project("{FAE04EC0-301F-11D3-BF4B-00C04F79EFBC}") = "WebApplicationAzure", "WebApplicationAzure\WebApplicationAzure.csproj", "{C01FE6F8-36E8-45E5-8369-C91AEFA99B79}"
EndProject
Global
	GlobalSection(SolutionConfigurationPlatforms) = preSolution
		Debug|Any CPU = Debug|Any CPU
		Release|Any CPU = Release|Any CPU
	EndGlobalSection
	GlobalSection(ProjectConfigurationPlatforms) = postSolution
		{C01FE6F8-36E8-45E5-8369-C91AEFA99B79}.Debug|Any CPU.ActiveCfg = Debug|Any CPU
		{C01FE6F8-36E8-45E5-8369-C91AEFA99B79}.Debug|Any CPU.Build.0 = Debug|Any CPU
		{C01FE6F8-36E8-45E5-8369-C91AEFA99B79}.Release|Any CPU.ActiveCfg = Release|Any CPU
		{C01FE6F8-36E8-45E5-8369-C91AEFA99B79}.Release|Any CPU.Build.0 = Release|Any CPU
	EndGlobalSection
	GlobalSection(SolutionProperties) = preSolution
		HideSolutionNode = FALSE
	EndGlobalSection
	GlobalSection(ExtensibilityGlobals) = postSolution
		SolutionGuid = {BAEF28C2-1265-4C93-AF19-400A4A2A7736}
	EndGlobalSection
EndGlobal
